
Microsoft Visual Studio Solution File, Format Version 12.00
# Visual Studio 2012
Project("{FAE04EC0-301F-11D3-BF4B-00C04F79EFBC}") = "MyInfoStash", "MyInfoStash\MyInfoStash.csproj", "{3A093B52-8B5A-472C-8822-E5B879DFCF30}"
EndProject
Project("{D954291E-2A0B-460D-934E-DC6B0785DB48}") = "MIS.Shared.Core", "MIS.Shared.Core\MIS.Shared.Core.shproj", "{22B2F1C5-2C6B-4B45-B45E-E0E18DF505F6}"
EndProject
Global
	GlobalSection(SolutionConfigurationPlatforms) = preSolution
		Debug|Any CPU = Debug|Any CPU
		Release|Any CPU = Release|Any CPU
	EndGlobalSection
	GlobalSection(ProjectConfigurationPlatforms) = postSolution
		{3A093B52-8B5A-472C-8822-E5B879DFCF30}.Debug|Any CPU.ActiveCfg = Debug|Any CPU
		{3A093B52-8B5A-472C-8822-E5B879DFCF30}.Debug|Any CPU.Build.0 = Debug|Any CPU
		{3A093B52-8B5A-472C-8822-E5B879DFCF30}.Release|Any CPU.ActiveCfg = Release|Any CPU
		{3A093B52-8B5A-472C-8822-E5B879DFCF30}.Release|Any CPU.Build.0 = Release|Any CPU
	EndGlobalSection
EndGlobal
